<?xml version="1.0" encoding="utf-8"?>
<Project ToolsVersion="4.0" xmlns="http://schemas.microsoft.com/developer/msbuild/2003">
  <ItemGroup>
    <Filter Include="Header Files">
      <UniqueIdentifier>{93995380-89BD-4b04-88EB-625FBE52EBFB}</UniqueIdentifier>
      <Extensions>h;hh;hpp;hxx;h++;hm;inl;inc;ipp;xsd</Extensions>
    </Filter>
    <Filter Include="Resource Files">
      <UniqueIdentifier>{67DA6AB6-F800-4c08-8B7A-83BB121AAD01}</UniqueIdentifier>
      <Extensions>rc;ico;cur;bmp;dlg;rc2;rct;bin;rgs;gif;jpg;jpeg;jpe;resx;tiff;tif;png;wav;mfcribbon-ms</Extensions>
    </Filter>
    <Filter Include="mesh">
      <UniqueIdentifier>{c3b4c99c-70ee-4d78-acc9-bae05f85d075}</UniqueIdentifier>
    </Filter>
    <Filter Include="shaders">
      <UniqueIdentifier>{cc630913-eade-4c01-a452-a308eefc0714}</UniqueIdentifier>
    </Filter>
    <Filter Include="entity">
      <UniqueIdentifier>{cf002b74-89d7-455f-ba96-3f551f104b32}</UniqueIdentifier>
    </Filter>
    <Filter Include="math">
      <UniqueIdentifier>{c98bcec6-02fa-41b5-bbfa-57b7895baf65}</UniqueIdentifier>
    </Filter>
    <Filter Include="Source Files">
      <UniqueIdentifier>{4FC737F1-C7A5-4376-A066-2A32D752A2FF}</UniqueIdentifier>
      <Extensions>cpp;c;cc;cxx;c++;cppm;ixx;def;odl;idl;hpj;bat;asm;asmx</Extensions>
    </Filter>
  </ItemGroup>
  <ItemGroup>
    <ClCompile Include="main.cpp">
      <Filter>Source Files</Filter>
    </ClCompile>
    <ClCompile Include="application.cpp">
      <Filter>Source Files</Filter>
    </ClCompile>
    <ClCompile Include="inputmanager.cpp">
      <Filter>Source Files</Filter>
    </ClCompile>
    <ClCompile Include="renderer.cpp">
      <Filter>Source Files</Filter>
    </ClCompile>
    <ClCompile Include="shader.cpp">
      <Filter>Source Files</Filter>
    </ClCompile>
    <ClCompile Include="shaderprogram.cpp">
      <Filter>Source Files</Filter>
    </ClCompile>
    <ClCompile Include="color.cpp">
      <Filter>Source Files</Filter>
    </ClCompile>
    <ClCompile Include="stb_image.cpp">
      <Filter>Source Files</Filter>
    </ClCompile>
    <ClCompile Include="texturematerial.cpp">
      <Filter>Source Files</Filter>
    </ClCompile>
    <ClCompile Include="math\vec3.cpp">
      <Filter>math</Filter>
    </ClCompile>
    <ClCompile Include="entity\rectangle.cpp">
      <Filter>Source Files</Filter>
    </ClCompile>
    <ClCompile Include="mesh\rectanglemesh.cpp">
      <Filter>mesh</Filter>
    </ClCompile>
    <ClCompile Include="mesh\trianglemesh.cpp">
      <Filter>mesh</Filter>
    </ClCompile>
    <ClCompile Include="entity\triangle.cpp">
      <Filter>Source Files</Filter>
    </ClCompile>
    <ClCompile Include="mesh\cubemesh.cpp">
      <Filter>Source Files</Filter>
    </ClCompile>
    <ClCompile Include="entity\entity.cpp">
      <Filter>entity</Filter>
    </ClCompile>
    <ClCompile Include="entity\cube.cpp">
      <Filter>Source Files</Filter>
    </ClCompile>
    <ClCompile Include="freecamera.cpp">
      <Filter>Source Files</Filter>
    </ClCompile>
    <ClCompile Include="mesh\uvspheremesh.cpp">
      <Filter>Source Files</Filter>
    </ClCompile>
    <ClCompile Include="entity\uvsphere.cpp">
      <Filter>Source Files</Filter>
    </ClCompile>
    <ClCompile Include="mesh\icospheremesh.cpp">
      <Filter>Source Files</Filter>
    </ClCompile>
    <ClCompile Include="entity\icosphere.cpp">
      <Filter>Source Files</Filter>
    </ClCompile>
    <ClCompile Include="mesh\terrainmesh.cpp">
      <Filter>Source Files</Filter>
    </ClCompile>
    <ClCompile Include="entity\terrain.cpp">
      <Filter>Source Files</Filter>
    </ClCompile>
    <ClCompile Include="vendor\glad.c">
      <Filter>Source Files</Filter>
    </ClCompile>
    <ClCompile Include="utility\heightmapgenerator.cpp">
      <Filter>Source Files</Filter>
    </ClCompile>
    <ClCompile Include="math\perlinnoise.cpp">
      <Filter>Source Files</Filter>
    </ClCompile>
  </ItemGroup>
  <ItemGroup>
    <ClInclude Include="application.h">
      <Filter>Header Files</Filter>
    </ClInclude>
    <ClInclude Include="inputmanager.h">
      <Filter>Header Files</Filter>
    </ClInclude>
    <ClInclude Include="renderer.h">
      <Filter>Header Files</Filter>
    </ClInclude>
    <ClInclude Include="shader.h">
      <Filter>Header Files</Filter>
    </ClInclude>
    <ClInclude Include="shaderprogram.h">
      <Filter>Header Files</Filter>
    </ClInclude>
    <ClInclude Include="color.h">
      <Filter>Header Files</Filter>
    </ClInclude>
    <ClInclude Include="stb_image.h">
      <Filter>Header Files</Filter>
    </ClInclude>
    <ClInclude Include="texturematerial.h">
      <Filter>Header Files</Filter>
    </ClInclude>
    <ClInclude Include="mesh\mesh.h">
      <Filter>mesh</Filter>
    </ClInclude>
    <ClInclude Include="math\vec3.h">
      <Filter>math</Filter>
    </ClInclude>
    <ClInclude Include="entity\entity.h">
      <Filter>entity</Filter>
    </ClInclude>
    <ClInclude Include="entity\rectangle.h">
      <Filter>entity</Filter>
    </ClInclude>
    <ClInclude Include="mesh\rectanglemesh.h">
      <Filter>mesh</Filter>
    </ClInclude>
    <ClInclude Include="entity\triangle.h">
      <Filter>Header Files</Filter>
    </ClInclude>
    <ClInclude Include="mesh\trianglemesh.h">
      <Filter>mesh</Filter>
    </ClInclude>
    <ClInclude Include="mesh\cubemesh.h">
      <Filter>Header Files</Filter>
    </ClInclude>
    <ClInclude Include="entity\cube.h">
      <Filter>Header Files</Filter>
    </ClInclude>
    <ClInclude Include="freecamera.h">
      <Filter>Header Files</Filter>
    </ClInclude>
    <ClInclude Include="mesh\uvspheremesh.h">
      <Filter>Header Files</Filter>
    </ClInclude>
    <ClInclude Include="math\const.h">
      <Filter>Header Files</Filter>
    </ClInclude>
    <ClInclude Include="entity\uvsphere.h">
      <Filter>Header Files</Filter>
    </ClInclude>
    <ClInclude Include="mesh\icospheremesh.h">
      <Filter>Header Files</Filter>
    </ClInclude>
    <ClInclude Include="entity\icosphere.h">
      <Filter>Header Files</Filter>
    </ClInclude>
    <ClInclude Include="mesh\terrainmesh.h">
      <Filter>Header Files</Filter>
    </ClInclude>
    <ClInclude Include="entity\terrain.h">
      <Filter>Header Files</Filter>
    </ClInclude>
    <ClInclude Include="utility\heightmapgenerator.h">
      <Filter>Header Files</Filter>
    </ClInclude>
    <ClInclude Include="math\perlinnoise.h">
      <Filter>Header Files</Filter>
    </ClInclude>
  </ItemGroup>
  <ItemGroup>
    <None Include="..\.gitignore" />
    <None Include="shaders\fragment.shader">
      <Filter>shaders</Filter>
    </None>
    <None Include="shaders\texfragment.shader">
      <Filter>shaders</Filter>
    </None>
    <None Include="shaders\texvertex.shader">
      <Filter>shaders</Filter>
    </None>
    <None Include="shaders\vertex.shader">
      <Filter>shaders</Filter>
    </None>
    <None Include="shaders\vertex1.shader" />
    <None Include="shaders\fragment1.shader" />
  </ItemGroup>
</Project>